// !$*UTF8*$!
{
	archiveVersion = 1;
	classes = {
	};
	objectVersion = 46;
	objects = {

/* Begin PBXBuildFile section */
		EE17ED6F1D24FCC700865218 /* AppDelegate.swift in Sources */ = {isa = PBXBuildFile; fileRef = EE17ED6E1D24FCC700865218 /* AppDelegate.swift */; };
		EE17ED711D24FCC700865218 /* ViewController.swift in Sources */ = {isa = PBXBuildFile; fileRef = EE17ED701D24FCC700865218 /* ViewController.swift */; };
		EE17ED741D24FCC700865218 /* Main.storyboard in Resources */ = {isa = PBXBuildFile; fileRef = EE17ED721D24FCC700865218 /* Main.storyboard */; };
		EE17ED761D24FCC700865218 /* Assets.xcassets in Resources */ = {isa = PBXBuildFile; fileRef = EE17ED751D24FCC700865218 /* Assets.xcassets */; };
		EE17ED791D24FCC700865218 /* LaunchScreen.storyboard in Resources */ = {isa = PBXBuildFile; fileRef = EE17ED771D24FCC700865218 /* LaunchScreen.storyboard */; };
		EE17ED811D24FD0B00865218 /* BCDialogView.swift in Sources */ = {isa = PBXBuildFile; fileRef = EE17ED801D24FD0B00865218 /* BCDialogView.swift */; };
		EE17ED961D2572A900865218 /* DatePickerDialog.swift in Sources */ = {isa = PBXBuildFile; fileRef = EE17ED951D2572A900865218 /* DatePickerDialog.swift */; };
		EE17ED981D2572BE00865218 /* DatePickerDialog.xib in Resources */ = {isa = PBXBuildFile; fileRef = EE17ED971D2572BE00865218 /* DatePickerDialog.xib */; };
		EE17ED9A1D2583A500865218 /* ColorPickerDialog.xib in Resources */ = {isa = PBXBuildFile; fileRef = EE17ED991D2583A500865218 /* ColorPickerDialog.xib */; };
		EE17ED9C1D2583B700865218 /* ColorPickerDialog.swift in Sources */ = {isa = PBXBuildFile; fileRef = EE17ED9B1D2583B700865218 /* ColorPickerDialog.swift */; };
/* End PBXBuildFile section */

/* Begin PBXFileReference section */
		EE17ED6B1D24FCC700865218 /* BCDialogDemo.app */ = {isa = PBXFileReference; explicitFileType = wrapper.application; includeInIndex = 0; path = BCDialogDemo.app; sourceTree = BUILT_PRODUCTS_DIR; };
		EE17ED6E1D24FCC700865218 /* AppDelegate.swift */ = {isa = PBXFileReference; lastKnownFileType = sourcecode.swift; path = AppDelegate.swift; sourceTree = "<group>"; };
		EE17ED701D24FCC700865218 /* ViewController.swift */ = {isa = PBXFileReference; lastKnownFileType = sourcecode.swift; path = ViewController.swift; sourceTree = "<group>"; };
		EE17ED731D24FCC700865218 /* Base */ = {isa = PBXFileReference; lastKnownFileType = file.storyboard; name = Base; path = Base.lproj/Main.storyboard; sourceTree = "<group>"; };
		EE17ED751D24FCC700865218 /* Assets.xcassets */ = {isa = PBXFileReference; lastKnownFileType = folder.assetcatalog; path = Assets.xcassets; sourceTree = "<group>"; };
		EE17ED781D24FCC700865218 /* Base */ = {isa = PBXFileReference; lastKnownFileType = file.storyboard; name = Base; path = Base.lproj/LaunchScreen.storyboard; sourceTree = "<group>"; };
		EE17ED7A1D24FCC700865218 /* Info.plist */ = {isa = PBXFileReference; lastKnownFileType = text.plist.xml; path = Info.plist; sourceTree = "<group>"; };
		EE17ED801D24FD0B00865218 /* BCDialogView.swift */ = {isa = PBXFileReference; fileEncoding = 4; lastKnownFileType = sourcecode.swift; path = BCDialogView.swift; sourceTree = "<group>"; };
		EE17ED951D2572A900865218 /* DatePickerDialog.swift */ = {isa = PBXFileReference; fileEncoding = 4; lastKnownFileType = sourcecode.swift; path = DatePickerDialog.swift; sourceTree = "<group>"; };
		EE17ED971D2572BE00865218 /* DatePickerDialog.xib */ = {isa = PBXFileReference; fileEncoding = 4; lastKnownFileType = file.xib; path = DatePickerDialog.xib; sourceTree = "<group>"; };
		EE17ED991D2583A500865218 /* ColorPickerDialog.xib */ = {isa = PBXFileReference; fileEncoding = 4; lastKnownFileType = file.xib; path = ColorPickerDialog.xib; sourceTree = "<group>"; };
		EE17ED9B1D2583B700865218 /* ColorPickerDialog.swift */ = {isa = PBXFileReference; fileEncoding = 4; lastKnownFileType = sourcecode.swift; path = ColorPickerDialog.swift; sourceTree = "<group>"; };
/* End PBXFileReference section */

/* Begin PBXFrameworksBuildPhase section */
		EE17ED681D24FCC700865218 /* Frameworks */ = {
			isa = PBXFrameworksBuildPhase;
			buildActionMask = 2147483647;
			files = (
			);
			runOnlyForDeploymentPostprocessing = 0;
		};
/* End PBXFrameworksBuildPhase section */

/* Begin PBXGroup section */
		EE17ED621D24FCC700865218 = {
			isa = PBXGroup;
			children = (
				EE17ED6D1D24FCC700865218 /* BCDialogDemo */,
				EE17ED6C1D24FCC700865218 /* Products */,
			);
			sourceTree = "<group>";
		};
		EE17ED6C1D24FCC700865218 /* Products */ = {
			isa = PBXGroup;
			children = (
				EE17ED6B1D24FCC700865218 /* BCDialogDemo.app */,
			);
			name = Products;
			sourceTree = "<group>";
		};
		EE17ED6D1D24FCC700865218 /* BCDialogDemo */ = {
			isa = PBXGroup;
			children = (
				EE17ED6E1D24FCC700865218 /* AppDelegate.swift */,
				EE17ED701D24FCC700865218 /* ViewController.swift */,
				EE17ED721D24FCC700865218 /* Main.storyboard */,
				EE17ED801D24FD0B00865218 /* BCDialogView.swift */,
				EE17ED951D2572A900865218 /* DatePickerDialog.swift */,
				EE17ED971D2572BE00865218 /* DatePickerDialog.xib */,
				EE17ED991D2583A500865218 /* ColorPickerDialog.xib */,
				EE17ED9B1D2583B700865218 /* ColorPickerDialog.swift */,
				EE17ED751D24FCC700865218 /* Assets.xcassets */,
				EE17ED771D24FCC700865218 /* LaunchScreen.storyboard */,
				EE17ED7A1D24FCC700865218 /* Info.plist */,
			);
			name = BCDialogDemo;
			path = DialogDemo;
			sourceTree = "<group>";
		};
/* End PBXGroup section */

/* Begin PBXNativeTarget section */
		EE17ED6A1D24FCC700865218 /* BCDialogDemo */ = {
			isa = PBXNativeTarget;
			buildConfigurationList = EE17ED7D1D24FCC700865218 /* Build configuration list for PBXNativeTarget "BCDialogDemo" */;
			buildPhases = (
				EE17ED671D24FCC700865218 /* Sources */,
				EE17ED681D24FCC700865218 /* Frameworks */,
				EE17ED691D24FCC700865218 /* Resources */,
			);
			buildRules = (
			);
			dependencies = (
			);
			name = BCDialogDemo;
			productName = DialogDemo;
			productReference = EE17ED6B1D24FCC700865218 /* BCDialogDemo.app */;
			productType = "com.apple.product-type.application";
		};
/* End PBXNativeTarget section */

/* Begin PBXProject section */
		EE17ED631D24FCC700865218 /* Project object */ = {
			isa = PBXProject;
			attributes = {
				LastSwiftUpdateCheck = 0730;
				LastUpgradeCheck = 0730;
				ORGANIZATIONNAME = "Bitcode Technologies";
				TargetAttributes = {
					EE17ED6A1D24FCC700865218 = {
						CreatedOnToolsVersion = 7.3;
					};
				};
			};
			buildConfigurationList = EE17ED661D24FCC700865218 /* Build configuration list for PBXProject "BCDialogDemo" */;
			compatibilityVersion = "Xcode 3.2";
			developmentRegion = English;
			hasScannedForEncodings = 0;
			knownRegions = (
				en,
				Base,
			);
			mainGroup = EE17ED621D24FCC700865218;
			productRefGroup = EE17ED6C1D24FCC700865218 /* Products */;
			projectDirPath = "";
			projectRoot = "";
			targets = (
				EE17ED6A1D24FCC700865218 /* BCDialogDemo */,
			);
		};
/* End PBXProject section */

/* Begin PBXResourcesBuildPhase section */
		EE17ED691D24FCC700865218 /* Resources */ = {
			isa = PBXResourcesBuildPhase;
			buildActionMask = 2147483647;
			files = (
				EE17ED9A1D2583A500865218 /* ColorPickerDialog.xib in Resources */,
				EE17ED791D24FCC700865218 /* LaunchScreen.storyboard in Resources */,
				EE17ED981D2572BE00865218 /* DatePickerDialog.xib in Resources */,
				EE17ED761D24FCC700865218 /* Assets.xcassets in Resources */,
				EE17ED741D24FCC700865218 /* Main.storyboard in Resources */,
			);
			runOnlyForDeploymentPostprocessing = 0;
		};
/* End PBXResourcesBuildPhase section */

/* Begin PBXSourcesBuildPhase section */
		EE17ED671D24FCC700865218 /* Sources */ = {
			isa = PBXSourcesBuildPhase;
			buildActionMask = 2147483647;
			files = (
				EE17ED811D24FD0B00865218 /* BCDialogView.swift in Sources */,
				EE17ED961D2572A900865218 /* DatePickerDialog.swift in Sources */,
				EE17ED711D24FCC700865218 /* ViewController.swift in Sources */,
				EE17ED9C1D2583B700865218 /* ColorPickerDialog.swift in Sources */,
				EE17ED6F1D24FCC700865218 /* AppDelegate.swift in Sources */,
			);
			runOnlyForDeploymentPostprocessing = 0;
		};
/* End PBXSourcesBuildPhase section */

/* Begin PBXVariantGroup section */
		EE17ED721D24FCC700865218 /* Main.storyboard */ = {
			isa = PBXVariantGroup;
			children = (
				EE17ED731D24FCC700865218 /* Base */,
			);
			name = Main.storyboard;
			sourceTree = "<group>";
		};
		EE17ED771D24FCC700865218 /* LaunchScreen.storyboard */ = {
			isa = PBXVariantGroup;
			children = (
				EE17ED781D24FCC700865218 /* Base */,
			);
			name = LaunchScreen.storyboard;
			sourceTree = "<group>";
		};
/* End PBXVariantGroup section */

/* Begin XCBuildConfiguration section */
		EE17ED7B1D24FCC700865218 /* Debug */ = {
			isa = XCBuildConfiguration;
			buildSettings = {
				ALWAYS_SEARCH_USER_PATHS = NO;
				CLANG_ANALYZER_NONNULL = YES;
				CLANG_CXX_LANGUAGE_STANDARD = "gnu++0x";
				CLANG_CXX_LIBRARY = "libc++";
				CLANG_ENABLE_MODULES = YES;
				CLANG_ENABLE_OBJC_ARC = YES;
				CLANG_WARN_BOOL_CONVERSION = YES;
				CLANG_WARN_CONSTANT_CONVERSION = YES;
				CLANG_WARN_DIRECT_OBJC_ISA_USAGE = YES_ERROR;
				CLANG_WARN_EMPTY_BODY = YES;
				CLANG_WARN_ENUM_CONVERSION = YES;
				CLANG_WARN_INT_CONVERSION = YES;
				CLANG_WARN_OBJC_ROOT_CLASS = YES_ERROR;
				CLANG_WARN_UNREACHABLE_CODE = YES;
				CLANG_WARN__DUPLICATE_METHOD_MATCH = YES;
				"CODE_SIGN_IDENTITY[sdk=iphoneos*]" = "iPhone Developer";
				COPY_PHASE_STRIP = NO;
				DEBUG_INFORMATION_FORMAT = dwarf;
				ENABLE_STRICT_OBJC_MSGSEND = YES;
				ENABLE_TESTABILITY = YES;
				GCC_C_LANGUAGE_STANDARD = gnu99;
				GCC_DYNAMIC_NO_PIC = NO;
				GCC_NO_COMMON_BLOCKS = YES;
				GCC_OPTIMIZATION_LEVEL = 0;
				GCC_PREPROCESSOR_DEFINITIONS = (
					"DEBUG=1",
					"$(inherited)",
				);
				GCC_WARN_64_TO_32_BIT_CONVERSION = YES;
				GCC_WARN_ABOUT_RETURN_TYPE = YES_ERROR;
				GCC_WARN_UNDECLARED_SELECTOR = YES;
				GCC_WARN_UNINITIALIZED_AUTOS = YES_AGGRESSIVE;
				GCC_WARN_UNUSED_FUNCTION = YES;
				GCC_WARN_UNUSED_VARIABLE = YES;
				IPHONEOS_DEPLOYMENT_TARGET = 9.3;
				MTL_ENABLE_DEBUG_INFO = YES;
				ONLY_ACTIVE_ARCH = YES;
				SDKROOT = iphoneos;
				SWIFT_OPTIMIZATION_LEVEL = "-Onone";
				TARGETED_DEVICE_FAMILY = "1,2";
			};
			name = Debug;
		};
		EE17ED7C1D24FCC700865218 /* Release */ = {
			isa = XCBuildConfiguration;
			buildSettings = {
				ALWAYS_SEARCH_USER_PATHS = NO;
				CLANG_ANALYZER_NONNULL = YES;
				CLANG_CXX_LANGUAGE_STANDARD = "gnu++0x";
				CLANG_CXX_LIBRARY = "libc++";
				CLANG_ENABLE_MODULES = YES;
				CLANG_ENABLE_OBJC_ARC = YES;
				CLANG_WARN_BOOL_CONVERSION = YES;
				CLANG_WARN_CONSTANT_CONVERSION = YES;
				CLANG_WARN_DIRECT_OBJC_ISA_USAGE = YES_ERROR;
				CLANG_WARN_EMPTY_BODY = YES;
				CLANG_WARN_ENUM_CONVERSION = YES;
				CLANG_WARN_INT_CONVERSION = YES;
				CLANG_WARN_OBJC_ROOT_CLASS = YES_ERROR;
				CLANG_WARN_UNREACHABLE_CODE = YES;
				CLANG_WARN__DUPLICATE_METHOD_MATCH = YES;
				"CODE_SIGN_IDENTITY[sdk=iphoneos*]" = "iPhone Developer";
				COPY_PHASE_STRIP = NO;
				DEBUG_INFORMATION_FORMAT = "dwarf-with-dsym";
				ENABLE_NS_ASSERTIONS = NO;
				ENABLE_STRICT_OBJC_MSGSEND = YES;
				GCC_C_LANGUAGE_STANDARD = gnu99;
				GCC_NO_COMMON_BLOCKS = YES;
				GCC_WARN_64_TO_32_BIT_CONVERSION = YES;
				GCC_WARN_ABOUT_RETURN_TYPE = YES_ERROR;
				GCC_WARN_UNDECLARED_SELECTOR = YES;
				GCC_WARN_UNINITIALIZED_AUTOS = YES_AGGRESSIVE;
				GCC_WARN_UNUSED_FUNCTION = YES;
				GCC_WARN_UNUSED_VARIABLE = YES;
				IPHONEOS_DEPLOYMENT_TARGET = 9.3;
				MTL_ENABLE_DEBUG_INFO = NO;
				SDKROOT = iphoneos;
				TARGETED_DEVICE_FAMILY = "1,2";
				VALIDATE_PRODUCT = YES;
			};
			name = Release;
		};
		EE17ED7E1D24FCC700865218 /* Debug */ = {
			isa = XCBuildConfiguration;
			buildSettings = {
				ASSETCATALOG_COMPILER_APPICON_NAME = AppIcon;
				INFOPLIST_FILE = DialogDemo/Info.plist;
				LD_RUNPATH_SEARCH_PATHS = "$(inherited) @executable_path/Frameworks";
				PRODUCT_BUNDLE_IDENTIFIER = in.bitcode.DialogDemo;
				PRODUCT_NAME = BCDialogDemo;
			};
			name = Debug;
		};
		EE17ED7F1D24FCC700865218 /* Release */ = {
			isa = XCBuildConfiguration;
			buildSettings = {
				ASSETCATALOG_COMPILER_APPICON_NAME = AppIcon;
				INFOPLIST_FILE = DialogDemo/Info.plist;
				LD_RUNPATH_SEARCH_PATHS = "$(inherited) @executable_path/Frameworks";
				PRODUCT_BUNDLE_IDENTIFIER = in.bitcode.DialogDemo;
				PRODUCT_NAME = BCDialogDemo;
			};
			name = Release;
		};
/* End XCBuildConfiguration section */

/* Begin XCConfigurationList section */
		EE17ED661D24FCC700865218 /* Build configuration list for PBXProject "BCDialogDemo" */ = {
			isa = XCConfigurationList;
			buildConfigurations = (
				EE17ED7B1D24FCC700865218 /* Debug */,
				EE17ED7C1D24FCC700865218 /* Release */,
			);
			defaultConfigurationIsVisible = 0;
			defaultConfigurationName = Release;
		};
		EE17ED7D1D24FCC700865218 /* Build configuration list for PBXNativeTarget "BCDialogDemo" */ = {
			isa = XCConfigurationList;
			buildConfigurations = (
				EE17ED7E1D24FCC700865218 /* Debug */,
				EE17ED7F1D24FCC700865218 /* Release */,
			);
			defaultConfigurationIsVisible = 0;
			defaultConfigurationName = Release;
		};
/* End XCConfigurationList section */
	};
	rootObject = EE17ED631D24FCC700865218 /* Project object */;
}
